
Microsoft Visual Studio Solution File, Format Version 12.00
# Visual Studio Version 17
VisualStudioVersion = 17.6.33829.357
MinimumVisualStudioVersion = 10.0.40219.1
Project("{FAE04EC0-301F-11D3-BF4B-00C04F79EFBC}") = "Licensing.Validators", "Licensing.Validators\Licensing.Validators.csproj", "{DD213F9D-CD23-4723-BE7E-1951D24D3FDA}"
EndProject
Global
	GlobalSection(SolutionConfigurationPlatforms) = preSolution
		Debug|Any CPU = Debug|Any CPU
		Release|Any CPU = Release|Any CPU
	EndGlobalSection
	GlobalSection(ProjectConfigurationPlatforms) = postSolution
		{DD213F9D-CD23-4723-BE7E-1951D24D3FDA}.Debug|Any CPU.ActiveCfg = Debug|Any CPU
		{DD213F9D-CD23-4723-BE7E-1951D24D3FDA}.Debug|Any CPU.Build.0 = Debug|Any CPU
		{DD213F9D-CD23-4723-BE7E-1951D24D3FDA}.Release|Any CPU.ActiveCfg = Release|Any CPU
		{DD213F9D-CD23-4723-BE7E-1951D24D3FDA}.Release|Any CPU.Build.0 = Release|Any CPU
	EndGlobalSection
	GlobalSection(SolutionProperties) = preSolution
		HideSolutionNode = FALSE
	EndGlobalSection
	GlobalSection(ExtensibilityGlobals) = postSolution
		SolutionGuid = {D7090FCB-EE17-4483-BAA4-C9B794C0016C}
	EndGlobalSection
EndGlobal
